<?xml version="1.0" encoding="UTF-8"?>
<Scheme
   LastUpgradeVersion = "0630"
   version = "1.3">
   <BuildAction
      parallelizeBuildables = "YES"
      buildImplicitDependencies = "YES">
      <BuildActionEntries>
         <BuildActionEntry
            buildForTesting = "YES"
            buildForRunning = "YES"
            buildForProfiling = "YES"
            buildForArchiving = "YES"
            buildForAnalyzing = "YES">
            <BuildableReference
               BuildableIdentifier = "primary"
               BlueprintIdentifier = "9EFB805B1AF7CC7200367B22"
               BuildableName = "IUUTour.app"
               BlueprintName = "IUUTour"
               ReferencedContainer = "container:IUUTour.xcodeproj">
            </BuildableReference>
         </BuildActionEntry>
         <BuildActionEntry
            buildForTesting = "YES"
            buildForRunning = "YES"
            buildForProfiling = "NO"
            buildForArchiving = "NO"
            buildForAnalyzing = "YES">
            <BuildableReference
               BuildableIdentifier = "primary"
               BlueprintIdentifier = "9EFB80741AF7CC7200367B22"
               BuildableName = "IUUTourTests.xctest"
               BlueprintName = "IUUTourTests"
               ReferencedContainer = "container:IUUTour.xcodeproj">
            </BuildableReference>
         </BuildActionEntry>
      </BuildActionEntries>
   </BuildAction>
   <TestAction
      selectedDebuggerIdentifier = "Xcode.DebuggerFoundation.Debugger.LLDB"
      selectedLauncherIdentifier = "Xcode.DebuggerFoundation.Launcher.LLDB"
      shouldUseLaunchSchemeArgsEnv = "YES"
      buildConfiguration = "Debug">
      <Testables>
         <TestableReference
            skipped = "NO">
            <BuildableReference
               BuildableIdentifier = "primary"
               BlueprintIdentifier = "9EFB80741AF7CC7200367B22"
               BuildableName = "IUUTourTests.xctest"
               BlueprintName = "IUUTourTests"
               ReferencedContainer = "container:IUUTour.xcodeproj">
            </BuildableReference>
         </TestableReference>
      </Testables>
      <MacroExpansion>
         <BuildableReference
            BuildableIdentifier = "primary"
            BlueprintIdentifier = "9EFB805B1AF7CC7200367B22"
            BuildableName = "IUUTour.app"
            BlueprintName = "IUUTour"
            ReferencedContainer = "container:IUUTour.xcodeproj">
         </BuildableReference>
      </MacroExpansion>
   </TestAction>
   <LaunchAction
      selectedDebuggerIdentifier = "Xcode.DebuggerFoundation.Debugger.LLDB"
      selectedLauncherIdentifier = "Xcode.DebuggerFoundation.Launcher.LLDB"
      launchStyle = "0"
      useCustomWorkingDirectory = "NO"
      buildConfiguration = "Debug"
      ignoresPersistentStateOnLaunch = "NO"
      debugDocumentVersioning = "YES"
      allowLocationSimulation = "YES">
      <BuildableProductRunnable
         runnableDebuggingMode = "0">
         <BuildableReference
            BuildableIdentifier = "primary"
            BlueprintIdentifier = "9EFB805B1AF7CC7200367B22"
            BuildableName = "IUUTour.app"
            BlueprintName = "IUUTour"
            ReferencedContainer = "container:IUUTour.xcodeproj">
         </BuildableReference>
      </BuildableProductRunnable>
      <AdditionalOptions>
      </AdditionalOptions>
   </LaunchAction>
   <ProfileAction
      shouldUseLaunchSchemeArgsEnv = "YES"
      savedToolIdentifier = ""
      useCustomWorkingDirectory = "NO"
      buildConfiguration = "Release"
      debugDocumentVersioning = "YES">
      <BuildableProductRunnable
         runnableDebuggingMode = "0">
         <BuildableReference
            BuildableIdentifier = "primary"
            BlueprintIdentifier = "9EFB805B1AF7CC7200367B22"
            BuildableName = "IUUTour.app"
            BlueprintName = "IUUTour"
            ReferencedContainer = "container:IUUTour.xcodeproj">
         </BuildableReference>
      </BuildableProductRunnable>
   </ProfileAction>
   <AnalyzeAction
      buildConfiguration = "Debug">
   </AnalyzeAction>
   <ArchiveAction
      buildConfiguration = "Release"
      revealArchiveInOrganizer = "YES">
   </ArchiveAction>
</Scheme>
